PODS:
  - Ably (1.2.20):
    - AblyDeltaCodec (= 1.3.3)
    - msgpack (= 0.4.0)
  - AblyDeltaCodec (1.3.3)
  - AWSCore (2.16.0)
  - AWSS3 (2.16.0):
    - AWSCore (= 2.16.0)
  - FLAnimatedImage (1.0.17)
  - msgpack (0.4.0)
  - PandasGradingSDK (1.1.0):
    - Ably (= 1.2.20)
    - AWSS3 (= 2.16.0)
    - FLAnimatedImage (= 1.0.17)
    - SwiftyXMLParser (= 5.6.0)
    - TensorFlowLiteSwift (= 2.13.0)
    - TensorFlowLiteTaskVision (= 0.4.3)
  - SwiftyXMLParser (5.6.0)
  - TensorFlowLiteC (2.13.0):
    - TensorFlowLiteC/Core (= 2.13.0)
  - TensorFlowLiteC/Core (2.13.0)
  - TensorFlowLiteSwift (2.13.0):
    - TensorFlowLiteSwift/Core (= 2.13.0)
  - TensorFlowLiteSwift/Core (2.13.0):
    - TensorFlowLiteC (= 2.13.0)
  - TensorFlowLiteTaskVision (0.4.3)

DEPENDENCIES:
  - PandasGradingSDK

SPEC REPOS:
  https://github.com/CocoaPods/Specs.git:
    - Ably
    - AblyDeltaCodec
    - AWSCore
    - AWSS3
    - FLAnimatedImage
    - msgpack
    - SwiftyXMLParser
    - TensorFlowLiteC
    - TensorFlowLiteSwift
    - TensorFlowLiteTaskVision
  https://github.com/greenpandaio/grading-sdk-ios-podspec.git:
    - PandasGradingSDK

SPEC CHECKSUMS:
  Ably: f5185f962e461f946049991c068fcadb46b66842
  AblyDeltaCodec: add5d06a756b3581b12aab5b5500a320b8c55bea
  AWSCore: 439de29e3423c637a0c475f9ea329262fd2acc67
  AWSS3: 6df833615e2b2f8313b585e2090e80a3e97c550f
  FLAnimatedImage: bbf914596368867157cc71b38a8ec834b3eeb32b
  msgpack: c85f6251873059738472ae136951cec5f30f3251
  PandasGradingSDK: c211638e3febd01e0940e307a27284a65b6742d5
  SwiftyXMLParser: 9b98995235961881322015ebe38d1f3d7c953bd7
  TensorFlowLiteC: ac3334fa9dbc90e4744b4497312a393fd02b5408
  TensorFlowLiteSwift: 1d8320fbf292054eb50ef0b347a4b17a92b49731
  TensorFlowLiteTaskVision: 125d5b49d325ba2cf3938454da5f74a1cbfe0552

PODFILE CHECKSUM: 9c465dabdd8eaa40a892be7dfe469aa7f97de5bf

COCOAPODS: 1.12.1
