{
  "originHash" : "f693d94cf4a51ae778d9ada5a0fd44aa7f2716d34ec8ed9551ff8409a74e9ab0",
  "pins" : [
    {
      "identity" : "grading-sdk-ios-spm",
      "kind" : "remoteSourceControl",
      "location" : "https://github.com/greenpandaio/grading-sdk-ios-spm",
      "state" : {
        "revision" : "b4d2c0f1e66cb0d928e73f3b4296db73ab71eb0d",
        "version" : "1.6.0"
      }
    }
  ],
  "version" : 3
}
