{
  "originHash" : "f693d94cf4a51ae778d9ada5a0fd44aa7f2716d34ec8ed9551ff8409a74e9ab0",
  "pins" : [
    {
      "identity" : "grading-sdk-ios-spm",
      "kind" : "remoteSourceControl",
      "location" : "https://github.com/greenpandaio/grading-sdk-ios-spm",
      "state" : {
        "revision" : "6c55cdfbb17f2159007942e17223fbf2fb786aa1",
        "version" : "1.8.1"
      }
    }
  ],
  "version" : 3
}
