{
  "originHash" : "f693d94cf4a51ae778d9ada5a0fd44aa7f2716d34ec8ed9551ff8409a74e9ab0",
  "pins" : [
    {
      "identity" : "grading-sdk-ios-spm",
      "kind" : "remoteSourceControl",
      "location" : "https://github.com/greenpandaio/grading-sdk-ios-spm",
      "state" : {
        "revision" : "76583af79fe6fe4b7a2c0a2e0ab94b6de4c9d670",
        "version" : "1.4.0"
      }
    }
  ],
  "version" : 3
}
